
Microsoft Visual Studio Solution File, Format Version 12.00
# Visual Studio Version 17
VisualStudioVersion = 17.0.31903.59
MinimumVisualStudioVersion = 10.0.40219.1
Project("{2150E333-8FDC-42A3-9474-1A3956D46DE8}") = "src", "src", "{48D93B52-1A15-4548-ABB5-900EF973196A}"
EndProject
Project("{FAE04EC0-301F-11D3-BF4B-00C04F79EFBC}") = "PhoenixDataAccess", "src\PhoenixDataAccess\PhoenixDataAccess.csproj", "{5CC951B0-9C77-4B34-8103-11DE4322034B}"
EndProject
Project("{FAE04EC0-301F-11D3-BF4B-00C04F79EFBC}") = "PhoenixWeb", "src\PhoenixWeb\PhoenixWeb.csproj", "{EF597F58-906B-4C8C-9800-7616AB3E6725}"
EndProject
Project("{FAE04EC0-301F-11D3-BF4B-00C04F79EFBC}") = "PhoenixBussiness", "src\PhoenixBussiness\PhoenixBussiness.csproj", "{4AF9F901-7456-41B0-AA4A-9098FAF5010F}"
EndProject
Global
	GlobalSection(SolutionConfigurationPlatforms) = preSolution
		Debug|Any CPU = Debug|Any CPU
		Release|Any CPU = Release|Any CPU
	EndGlobalSection
	GlobalSection(SolutionProperties) = preSolution
		HideSolutionNode = FALSE
	EndGlobalSection
	GlobalSection(ProjectConfigurationPlatforms) = postSolution
		{5CC951B0-9C77-4B34-8103-11DE4322034B}.Debug|Any CPU.ActiveCfg = Debug|Any CPU
		{5CC951B0-9C77-4B34-8103-11DE4322034B}.Debug|Any CPU.Build.0 = Debug|Any CPU
		{5CC951B0-9C77-4B34-8103-11DE4322034B}.Release|Any CPU.ActiveCfg = Release|Any CPU
		{5CC951B0-9C77-4B34-8103-11DE4322034B}.Release|Any CPU.Build.0 = Release|Any CPU
		{EF597F58-906B-4C8C-9800-7616AB3E6725}.Debug|Any CPU.ActiveCfg = Debug|Any CPU
		{EF597F58-906B-4C8C-9800-7616AB3E6725}.Debug|Any CPU.Build.0 = Debug|Any CPU
		{EF597F58-906B-4C8C-9800-7616AB3E6725}.Release|Any CPU.ActiveCfg = Release|Any CPU
		{EF597F58-906B-4C8C-9800-7616AB3E6725}.Release|Any CPU.Build.0 = Release|Any CPU
		{4AF9F901-7456-41B0-AA4A-9098FAF5010F}.Debug|Any CPU.ActiveCfg = Debug|Any CPU
		{4AF9F901-7456-41B0-AA4A-9098FAF5010F}.Debug|Any CPU.Build.0 = Debug|Any CPU
		{4AF9F901-7456-41B0-AA4A-9098FAF5010F}.Release|Any CPU.ActiveCfg = Release|Any CPU
		{4AF9F901-7456-41B0-AA4A-9098FAF5010F}.Release|Any CPU.Build.0 = Release|Any CPU
	EndGlobalSection
	GlobalSection(NestedProjects) = preSolution
		{5CC951B0-9C77-4B34-8103-11DE4322034B} = {48D93B52-1A15-4548-ABB5-900EF973196A}
		{EF597F58-906B-4C8C-9800-7616AB3E6725} = {48D93B52-1A15-4548-ABB5-900EF973196A}
		{4AF9F901-7456-41B0-AA4A-9098FAF5010F} = {48D93B52-1A15-4548-ABB5-900EF973196A}
	EndGlobalSection
EndGlobal
